
Microsoft Visual Studio Solution File, Format Version 12.00
# Visual Studio Version 17
VisualStudioVersion = 17.9.34714.143
MinimumVisualStudioVersion = 10.0.40219.1
Project("{FAE04EC0-301F-11D3-BF4B-00C04F79EFBC}") = "StockScreener", "StockScreener.csproj", "{7028D852-2274-471C-9E8B-6C13C47B075D}"
EndProject
Global
	GlobalSection(SolutionConfigurationPlatforms) = preSolution
		Debug|Any CPU = Debug|Any CPU
		Release|Any CPU = Release|Any CPU
	EndGlobalSection
	GlobalSection(ProjectConfigurationPlatforms) = postSolution
		{7028D852-2274-471C-9E8B-6C13C47B075D}.Debug|Any CPU.ActiveCfg = Debug|Any CPU
		{7028D852-2274-471C-9E8B-6C13C47B075D}.Debug|Any CPU.Build.0 = Debug|Any CPU
		{7028D852-2274-471C-9E8B-6C13C47B075D}.Debug|Any CPU.Deploy.0 = Debug|Any CPU
		{7028D852-2274-471C-9E8B-6C13C47B075D}.Release|Any CPU.ActiveCfg = Release|Any CPU
		{7028D852-2274-471C-9E8B-6C13C47B075D}.Release|Any CPU.Build.0 = Release|Any CPU
		{7028D852-2274-471C-9E8B-6C13C47B075D}.Release|Any CPU.Deploy.0 = Release|Any CPU
	EndGlobalSection
	GlobalSection(SolutionProperties) = preSolution
		HideSolutionNode = FALSE
	EndGlobalSection
	GlobalSection(ExtensibilityGlobals) = postSolution
		SolutionGuid = {160B03C7-A629-4566-8083-816B4F2C0395}
	EndGlobalSection
EndGlobal
